lockfileVersion: '9.0'

settings:
  autoInstallPeers: true
  excludeLinksFromLockfile: false

importers:

  .:
    dependencies:
      '@juanelas/base64':
        specifier: ^1.1.5
        version: 1.1.5
      '@msgpack/msgpack':
        specifier: ^3.1.2
        version: 3.1.2
      '@noble/ciphers':
        specifier: ^1.3.0
        version: 1.3.0
      '@noble/curves':
        specifier: ^1.9.1
        version: 1.9.1
      '@noble/hashes':
        specifier: ^1.8.0
        version: 1.8.0
      json-with-bigint:
        specifier: ^3.4.4
        version: 3.4.4
      vue:
        specifier: ^3.5.15
        version: 3.5.15(typescript@5.8.3)
    devDependencies:
      '@types/node':
        specifier: ^22.15.21
        version: 22.15.21
      typescript:
        specifier: ^5.8.3
        version: 5.8.3

packages:

  '@babel/helper-string-parser@7.27.1':
    resolution: {integrity: sha512-qMlSxKbpRlAridDExk92nSobyDdpPijUq2DW6oDnUqd0iOGxmQjyqhMIihI9+zv4LPyZdRje2cavWPbCbWm3eA==}
    engines: {node: '>=6.9.0'}

  '@babel/helper-validator-identifier@7.27.1':
    resolution: {integrity: sha512-D2hP9eA+Sqx1kBZgzxZh0y1trbuU+JoDkiEwqhQ36nodYqJwyEIhPSdMNd7lOm/4io72luTPWH20Yda0xOuUow==}
    engines: {node: '>=6.9.0'}

  '@babel/parser@7.27.3':
    resolution: {integrity: sha512-xyYxRj6+tLNDTWi0KCBcZ9V7yg3/lwL9DWh9Uwh/RIVlIfFidggcgxKX3GCXwCiswwcGRawBKbEg2LG/Y8eJhw==}
    engines: {node: '>=6.0.0'}
    hasBin: true

  '@babel/types@7.27.3':
    resolution: {integrity: sha512-Y1GkI4ktrtvmawoSq+4FCVHNryea6uR+qUQy0AGxLSsjCX0nVmkYQMBLHDkXZuo5hGx7eYdnIaslsdBFm7zbUw==}
    engines: {node: '>=6.9.0'}

  '@jridgewell/sourcemap-codec@1.5.0':
    resolution: {integrity: sha512-gv3ZRaISU3fjPAgNsriBRqGWQL6quFx04YMPW/zD8XMLsU32mhCCbfbO6KZFLjvYpCZ8zyDEgqsgf+PwPaM7GQ==}

  '@juanelas/base64@1.1.5':
    resolution: {integrity: sha512-mjAF27LzwfYobdwqnxZgeucbKT5wRRNvILg3h5OvCWK+3F7mw/A1tnjHnNiTYtLmTvT/bM1jA5AX7eQawDGs1w==}

  '@msgpack/msgpack@3.1.2':
    resolution: {integrity: sha512-JEW4DEtBzfe8HvUYecLU9e6+XJnKDlUAIve8FvPzF3Kzs6Xo/KuZkZJsDH0wJXl/qEZbeeE7edxDNY3kMs39hQ==}
    engines: {node: '>= 18'}

  '@noble/ciphers@1.3.0':
    resolution: {integrity: sha512-2I0gnIVPtfnMw9ee9h1dJG7tp81+8Ob3OJb3Mv37rx5L40/b0i7djjCVvGOVqc9AEIQyvyu1i6ypKdFw8R8gQw==}
    engines: {node: ^14.21.3 || >=16}

  '@noble/curves@1.9.1':
    resolution: {integrity: sha512-k11yZxZg+t+gWvBbIswW0yoJlu8cHOC7dhunwOzoWH/mXGBiYyR4YY6hAEK/3EUs4UpB8la1RfdRpeGsFHkWsA==}
    engines: {node: ^14.21.3 || >=16}

  '@noble/hashes@1.8.0':
    resolution: {integrity: sha512-jCs9ldd7NwzpgXDIf6P3+NrHh9/sD6CQdxHyjQI+h/6rDNo88ypBxxz45UDuZHz9r3tNz7N/VInSVoVdtXEI4A==}
    engines: {node: ^14.21.3 || >=16}

  '@types/node@22.15.21':
    resolution: {integrity: sha512-EV/37Td6c+MgKAbkcLG6vqZ2zEYHD7bvSrzqqs2RIhbA6w3x+Dqz8MZM3sP6kGTeLrdoOgKZe+Xja7tUB2DNkQ==}

  '@vue/compiler-core@3.5.15':
    resolution: {integrity: sha512-nGRc6YJg/kxNqbv/7Tg4juirPnjHvuVdhcmDvQWVZXlLHjouq7VsKmV1hIxM/8yKM0VUfwT/Uzc0lO510ltZqw==}

  '@vue/compiler-dom@3.5.15':
    resolution: {integrity: sha512-ZelQd9n+O/UCBdL00rlwCrsArSak+YLZpBVuNDio1hN3+wrCshYZEDUO3khSLAzPbF1oQS2duEoMDUHScUlYjA==}

  '@vue/compiler-sfc@3.5.15':
    resolution: {integrity: sha512-3zndKbxMsOU6afQWer75Zot/aydjtxNj0T2KLg033rAFaQUn2PGuE32ZRe4iMhflbTcAxL0yEYsRWFxtPro8RQ==}

  '@vue/compiler-ssr@3.5.15':
    resolution: {integrity: sha512-gShn8zRREZbrXqTtmLSCffgZXDWv8nHc/GhsW+mbwBfNZL5pI96e7IWcIq8XGQe1TLtVbu7EV9gFIVSmfyarPg==}

  '@vue/reactivity@3.5.15':
    resolution: {integrity: sha512-GaA5VUm30YWobCwpvcs9nvFKf27EdSLKDo2jA0IXzGS344oNpFNbEQ9z+Pp5ESDaxyS8FcH0vFN/XSe95BZtHQ==}

  '@vue/runtime-core@3.5.15':
    resolution: {integrity: sha512-CZAlIOQ93nj0OPpWWOx4+QDLCMzBNY85IQR4Voe6vIID149yF8g9WQaWnw042f/6JfvLttK7dnyWlC1EVCRK8Q==}

  '@vue/runtime-dom@3.5.15':
    resolution: {integrity: sha512-wFplHKzKO/v998up2iCW3RN9TNUeDMhdBcNYZgs5LOokHntrB48dyuZHspcahKZczKKh3v6i164gapMPxBTKNw==}

  '@vue/server-renderer@3.5.15':
    resolution: {integrity: sha512-Gehc693kVTYkLt6QSYEjGvqvdK2zZ/gf/D5zkgmvBdeB30dNnVZS8yY7+IlBmHRd1rR/zwaqeu06Ij04ZxBscg==}
    peerDependencies:
      vue: 3.5.15

  '@vue/shared@3.5.15':
    resolution: {integrity: sha512-bKvgFJJL1ZX9KxMCTQY6xD9Dhe3nusd1OhyOb1cJYGqvAr0Vg8FIjHPMOEVbJ9GDT9HG+Bjdn4oS8ohKP8EvoA==}

  csstype@3.1.3:
    resolution: {integrity: sha512-M1uQkMl8rQK/szD0LNhtqxIPLpimGm8sOBwU7lLnCpSbTyY3yeU1Vc7l4KT5zT4s/yOxHH5O7tIuuLOCnLADRw==}

  entities@4.5.0:
    resolution: {integrity: sha512-V0hjH4dGPh9Ao5p0MoRY6BVqtwCjhz6vI5LT8AJ55H+4g9/4vbHx1I54fS0XuclLhDHArPQCiMjDxjaL8fPxhw==}
    engines: {node: '>=0.12'}

  estree-walker@2.0.2:
    resolution: {integrity: sha512-Rfkk/Mp/DL7JVje3u18FxFujQlTNR2q6QfMSMB7AvCBx91NGj/ba3kCfza0f6dVDbw7YlRf/nDrn7pQrCCyQ/w==}

  json-with-bigint@3.4.4:
    resolution: {integrity: sha512-AhpYAAaZsPjU7smaBomDt1SOQshi9rEm6BlTbfVwsG1vNmeHKtEedJi62sHZzJTyKNtwzmNnrsd55kjwJ7054A==}

  magic-string@0.30.17:
    resolution: {integrity: sha512-sNPKHvyjVf7gyjwS4xGTaW/mCnF8wnjtifKBEhxfZ7E/S8tQ0rssrwGNn6q8JH/ohItJfSQp9mBtQYuTlH5QnA==}

  nanoid@3.3.11:
    resolution: {integrity: sha512-N8SpfPUnUp1bK+PMYW8qSWdl9U+wwNWI4QKxOYDy9JAro3WMX7p2OeVRF9v+347pnakNevPmiHhNmZ2HbFA76w==}
    engines: {node: ^10 || ^12 || ^13.7 || ^14 || >=15.0.1}
    hasBin: true

  picocolors@1.1.1:
    resolution: {integrity: sha512-xceH2snhtb5M9liqDsmEw56le376mTZkEX/jEb/RxNFyegNul7eNslCXP9FDj/Lcu0X8KEyMceP2ntpaHrDEVA==}

  postcss@8.5.3:
    resolution: {integrity: sha512-dle9A3yYxlBSrt8Fu+IpjGT8SY8hN0mlaA6GY8t0P5PjIOZemULz/E2Bnm/2dcUOena75OTNkHI76uZBNUUq3A==}
    engines: {node: ^10 || ^12 || >=14}

  source-map-js@1.2.1:
    resolution: {integrity: sha512-UXWMKhLOwVKb728IUtQPXxfYU+usdybtUrK/8uGE8CQMvrhOpwvzDBwj0QhSL7MQc7vIsISBG8VQ8+IDQxpfQA==}
    engines: {node: '>=0.10.0'}

  typescript@5.8.3:
    resolution: {integrity: sha512-p1diW6TqL9L07nNxvRMM7hMMw4c5XOo/1ibL4aAIGmSAt9slTE1Xgw5KWuof2uTOvCg9BY7ZRi+GaF+7sfgPeQ==}
    engines: {node: '>=14.17'}
    hasBin: true

  undici-types@6.21.0:
    resolution: {integrity: sha512-iwDZqg0QAGrg9Rav5H4n0M64c3mkR59cJ6wQp+7C4nI0gsmExaedaYLNO44eT4AtBBwjbTiGPMlt2Md0T9H9JQ==}

  vue@3.5.15:
    resolution: {integrity: sha512-aD9zK4rB43JAMK/5BmS4LdPiEp8Fdh8P1Ve/XNuMF5YRf78fCyPE6FUbQwcaWQ5oZ1R2CD9NKE0FFOVpMR7gEQ==}
    peerDependencies:
      typescript: '*'
    peerDependenciesMeta:
      typescript:
        optional: true

snapshots:

  '@babel/helper-string-parser@7.27.1': {}

  '@babel/helper-validator-identifier@7.27.1': {}

  '@babel/parser@7.27.3':
    dependencies:
      '@babel/types': 7.27.3

  '@babel/types@7.27.3':
    dependencies:
      '@babel/helper-string-parser': 7.27.1
      '@babel/helper-validator-identifier': 7.27.1

  '@jridgewell/sourcemap-codec@1.5.0': {}

  '@juanelas/base64@1.1.5': {}

  '@msgpack/msgpack@3.1.2': {}

  '@noble/ciphers@1.3.0': {}

  '@noble/curves@1.9.1':
    dependencies:
      '@noble/hashes': 1.8.0

  '@noble/hashes@1.8.0': {}

  '@types/node@22.15.21':
    dependencies:
      undici-types: 6.21.0

  '@vue/compiler-core@3.5.15':
    dependencies:
      '@babel/parser': 7.27.3
      '@vue/shared': 3.5.15
      entities: 4.5.0
      estree-walker: 2.0.2
      source-map-js: 1.2.1

  '@vue/compiler-dom@3.5.15':
    dependencies:
      '@vue/compiler-core': 3.5.15
      '@vue/shared': 3.5.15

  '@vue/compiler-sfc@3.5.15':
    dependencies:
      '@babel/parser': 7.27.3
      '@vue/compiler-core': 3.5.15
      '@vue/compiler-dom': 3.5.15
      '@vue/compiler-ssr': 3.5.15
      '@vue/shared': 3.5.15
      estree-walker: 2.0.2
      magic-string: 0.30.17
      postcss: 8.5.3
      source-map-js: 1.2.1

  '@vue/compiler-ssr@3.5.15':
    dependencies:
      '@vue/compiler-dom': 3.5.15
      '@vue/shared': 3.5.15

  '@vue/reactivity@3.5.15':
    dependencies:
      '@vue/shared': 3.5.15

  '@vue/runtime-core@3.5.15':
    dependencies:
      '@vue/reactivity': 3.5.15
      '@vue/shared': 3.5.15

  '@vue/runtime-dom@3.5.15':
    dependencies:
      '@vue/reactivity': 3.5.15
      '@vue/runtime-core': 3.5.15
      '@vue/shared': 3.5.15
      csstype: 3.1.3

  '@vue/server-renderer@3.5.15(vue@3.5.15(typescript@5.8.3))':
    dependencies:
      '@vue/compiler-ssr': 3.5.15
      '@vue/shared': 3.5.15
      vue: 3.5.15(typescript@5.8.3)

  '@vue/shared@3.5.15': {}

  csstype@3.1.3: {}

  entities@4.5.0: {}

  estree-walker@2.0.2: {}

  json-with-bigint@3.4.4: {}

  magic-string@0.30.17:
    dependencies:
      '@jridgewell/sourcemap-codec': 1.5.0

  nanoid@3.3.11: {}

  picocolors@1.1.1: {}

  postcss@8.5.3:
    dependencies:
      nanoid: 3.3.11
      picocolors: 1.1.1
      source-map-js: 1.2.1

  source-map-js@1.2.1: {}

  typescript@5.8.3: {}

  undici-types@6.21.0: {}

  vue@3.5.15(typescript@5.8.3):
    dependencies:
      '@vue/compiler-dom': 3.5.15
      '@vue/compiler-sfc': 3.5.15
      '@vue/runtime-dom': 3.5.15
      '@vue/server-renderer': 3.5.15(vue@3.5.15(typescript@5.8.3))
      '@vue/shared': 3.5.15
    optionalDependencies:
      typescript: 5.8.3
